
Microsoft Visual Studio Solution File, Format Version 12.00
# Visual Studio Version 16
VisualStudioVersion = 16.0.31424.327
MinimumVisualStudioVersion = 10.0.40219.1
Project("{FAE04EC0-301F-11D3-BF4B-00C04F79EFBC}") = "MongoFunWojtek", "MongoFunWojtek.csproj", "{4F545B55-D798-4B20-A071-FB131EB7ADDD}"
EndProject
Global
	GlobalSection(SolutionConfigurationPlatforms) = preSolution
		Debug|Any CPU = Debug|Any CPU
		Release|Any CPU = Release|Any CPU
	EndGlobalSection
	GlobalSection(ProjectConfigurationPlatforms) = postSolution
		{4F545B55-D798-4B20-A071-FB131EB7ADDD}.Debug|Any CPU.ActiveCfg = Debug|Any CPU
		{4F545B55-D798-4B20-A071-FB131EB7ADDD}.Debug|Any CPU.Build.0 = Debug|Any CPU
		{4F545B55-D798-4B20-A071-FB131EB7ADDD}.Release|Any CPU.ActiveCfg = Release|Any CPU
		{4F545B55-D798-4B20-A071-FB131EB7ADDD}.Release|Any CPU.Build.0 = Release|Any CPU
	EndGlobalSection
	GlobalSection(SolutionProperties) = preSolution
		HideSolutionNode = FALSE
	EndGlobalSection
	GlobalSection(ExtensibilityGlobals) = postSolution
		SolutionGuid = {04AF4330-B13F-40E5-B99F-B05A788E3B11}
	EndGlobalSection
EndGlobal
